
Microsoft Visual Studio Solution File, Format Version 12.00
# Visual Studio Version 16
VisualStudioVersion = 16.0.30413.136
MinimumVisualStudioVersion = 10.0.40219.1
Project("{FAE04EC0-301F-11D3-BF4B-00C04F79EFBC}") = "Entidades", "Entidades\Entidades.csproj", "{1F0810DB-0D5C-403D-8BA3-A275F542E293}"
EndProject
Project("{FAE04EC0-301F-11D3-BF4B-00C04F79EFBC}") = "MiCalculadora", "MiCalculadora\MiCalculadora.csproj", "{2FB6D145-E8EF-450B-96AB-DF3E6BB00EB9}"
EndProject
Global
	GlobalSection(SolutionConfigurationPlatforms) = preSolution
		Debug|Any CPU = Debug|Any CPU
		Release|Any CPU = Release|Any CPU
	EndGlobalSection
	GlobalSection(ProjectConfigurationPlatforms) = postSolution
		{1F0810DB-0D5C-403D-8BA3-A275F542E293}.Debug|Any CPU.ActiveCfg = Debug|Any CPU
		{1F0810DB-0D5C-403D-8BA3-A275F542E293}.Debug|Any CPU.Build.0 = Debug|Any CPU
		{1F0810DB-0D5C-403D-8BA3-A275F542E293}.Release|Any CPU.ActiveCfg = Release|Any CPU
		{1F0810DB-0D5C-403D-8BA3-A275F542E293}.Release|Any CPU.Build.0 = Release|Any CPU
		{2FB6D145-E8EF-450B-96AB-DF3E6BB00EB9}.Debug|Any CPU.ActiveCfg = Debug|Any CPU
		{2FB6D145-E8EF-450B-96AB-DF3E6BB00EB9}.Debug|Any CPU.Build.0 = Debug|Any CPU
		{2FB6D145-E8EF-450B-96AB-DF3E6BB00EB9}.Release|Any CPU.ActiveCfg = Release|Any CPU
		{2FB6D145-E8EF-450B-96AB-DF3E6BB00EB9}.Release|Any CPU.Build.0 = Release|Any CPU
	EndGlobalSection
	GlobalSection(SolutionProperties) = preSolution
		HideSolutionNode = FALSE
	EndGlobalSection
	GlobalSection(ExtensibilityGlobals) = postSolution
		SolutionGuid = {C531A3A9-CDA5-4394-B9BA-5C489A485925}
	EndGlobalSection
EndGlobal
